
Microsoft Visual Studio Solution File, Format Version 12.00
Project("{FAE04EC0-301F-11D3-BF4B-00C04F79EFBC}") = "ListOfDic", "ListOfDic\ListOfDic.csproj", "{D1CDB3C4-B8E5-4D17-A6FE-CA162FB8D258}"
EndProject
Global
	GlobalSection(SolutionConfigurationPlatforms) = preSolution
		Debug|Any CPU = Debug|Any CPU
		Release|Any CPU = Release|Any CPU
	EndGlobalSection
	GlobalSection(ProjectConfigurationPlatforms) = postSolution
		{D1CDB3C4-B8E5-4D17-A6FE-CA162FB8D258}.Debug|Any CPU.ActiveCfg = Debug|Any CPU
		{D1CDB3C4-B8E5-4D17-A6FE-CA162FB8D258}.Debug|Any CPU.Build.0 = Debug|Any CPU
		{D1CDB3C4-B8E5-4D17-A6FE-CA162FB8D258}.Release|Any CPU.ActiveCfg = Release|Any CPU
		{D1CDB3C4-B8E5-4D17-A6FE-CA162FB8D258}.Release|Any CPU.Build.0 = Release|Any CPU
	EndGlobalSection
EndGlobal
